
Microsoft Visual Studio Solution File, Format Version 12.00
# Visual Studio Version 17
VisualStudioVersion = 17.6.33717.318
MinimumVisualStudioVersion = 10.0.40219.1
Project("{FAE04EC0-301F-11D3-BF4B-00C04F79EFBC}") = "SportApplication", "SportApplication\SportApplication.csproj", "{E4A7D9F1-2F47-455F-9147-525F9986F835}"
EndProject
Global
	GlobalSection(SolutionConfigurationPlatforms) = preSolution
		Debug|Any CPU = Debug|Any CPU
		Release|Any CPU = Release|Any CPU
	EndGlobalSection
	GlobalSection(ProjectConfigurationPlatforms) = postSolution
		{E4A7D9F1-2F47-455F-9147-525F9986F835}.Debug|Any CPU.ActiveCfg = Debug|Any CPU
		{E4A7D9F1-2F47-455F-9147-525F9986F835}.Debug|Any CPU.Build.0 = Debug|Any CPU
		{E4A7D9F1-2F47-455F-9147-525F9986F835}.Release|Any CPU.ActiveCfg = Release|Any CPU
		{E4A7D9F1-2F47-455F-9147-525F9986F835}.Release|Any CPU.Build.0 = Release|Any CPU
	EndGlobalSection
	GlobalSection(SolutionProperties) = preSolution
		HideSolutionNode = FALSE
	EndGlobalSection
	GlobalSection(ExtensibilityGlobals) = postSolution
		SolutionGuid = {017A25C3-873A-4424-95F3-D37823217068}
	EndGlobalSection
EndGlobal
